
Microsoft Visual Studio Solution File, Format Version 12.00
# Visual Studio Version 17
VisualStudioVersion = 17.3.32825.248
MinimumVisualStudioVersion = 10.0.40219.1
Project("{FAE04EC0-301F-11D3-BF4B-00C04F79EFBC}") = "UZEMYO", "UZEMYO.csproj", "{0C59B28C-EDA3-4000-9169-E5656E0BF5CF}"
EndProject
Global
	GlobalSection(SolutionConfigurationPlatforms) = preSolution
		Debug|Any CPU = Debug|Any CPU
		Release|Any CPU = Release|Any CPU
	EndGlobalSection
	GlobalSection(ProjectConfigurationPlatforms) = postSolution
		{0C59B28C-EDA3-4000-9169-E5656E0BF5CF}.Debug|Any CPU.ActiveCfg = Debug|Any CPU
		{0C59B28C-EDA3-4000-9169-E5656E0BF5CF}.Debug|Any CPU.Build.0 = Debug|Any CPU
		{0C59B28C-EDA3-4000-9169-E5656E0BF5CF}.Release|Any CPU.ActiveCfg = Release|Any CPU
		{0C59B28C-EDA3-4000-9169-E5656E0BF5CF}.Release|Any CPU.Build.0 = Release|Any CPU
	EndGlobalSection
	GlobalSection(SolutionProperties) = preSolution
		HideSolutionNode = FALSE
	EndGlobalSection
	GlobalSection(ExtensibilityGlobals) = postSolution
		SolutionGuid = {14A39720-F0BF-4058-90CB-D0F0DE93CB31}
	EndGlobalSection
EndGlobal
